
Microsoft Visual Studio Solution File, Format Version 12.00
# Visual Studio Version 17
VisualStudioVersion = 17.0.32014.148
MinimumVisualStudioVersion = 10.0.40219.1
Project("{FAE04EC0-301F-11D3-BF4B-00C04F79EFBC}") = "caesar_", "caesar_.csproj", "{58AAC119-F379-45C4-99B8-199111C9643A}"
EndProject
Global
	GlobalSection(SolutionConfigurationPlatforms) = preSolution
		Debug|Any CPU = Debug|Any CPU
		Release|Any CPU = Release|Any CPU
	EndGlobalSection
	GlobalSection(ProjectConfigurationPlatforms) = postSolution
		{58AAC119-F379-45C4-99B8-199111C9643A}.Debug|Any CPU.ActiveCfg = Debug|Any CPU
		{58AAC119-F379-45C4-99B8-199111C9643A}.Debug|Any CPU.Build.0 = Debug|Any CPU
		{58AAC119-F379-45C4-99B8-199111C9643A}.Release|Any CPU.ActiveCfg = Release|Any CPU
		{58AAC119-F379-45C4-99B8-199111C9643A}.Release|Any CPU.Build.0 = Release|Any CPU
	EndGlobalSection
	GlobalSection(SolutionProperties) = preSolution
		HideSolutionNode = FALSE
	EndGlobalSection
	GlobalSection(ExtensibilityGlobals) = postSolution
		SolutionGuid = {D18F2B38-BC52-4F0D-85B1-FD4D9F775F02}
	EndGlobalSection
EndGlobal
